
Microsoft Visual Studio Solution File, Format Version 12.00
# Visual Studio 15
VisualStudioVersion = 15.0.27004.2008
MinimumVisualStudioVersion = 10.0.40219.1
Project("{FAE04EC0-301F-11D3-BF4B-00C04F79EFBC}") = "IsaretDili_UI", "IsaretDili_UI\IsaretDili_UI.csproj", "{31389EE4-465B-486B-B431-62C2F9EC7007}"
EndProject
Project("{FAE04EC0-301F-11D3-BF4B-00C04F79EFBC}") = "DAL", "DAL\DAL.csproj", "{FE91D523-E569-4A1C-9CB2-135BA73B1366}"
EndProject
Project("{FAE04EC0-301F-11D3-BF4B-00C04F79EFBC}") = "BLL", "BLL\BLL.csproj", "{F852868D-042E-4DC7-BA96-2B126E30FF7B}"
EndProject
Project("{FAE04EC0-301F-11D3-BF4B-00C04F79EFBC}") = "Entity", "Entity\Entity.csproj", "{30BF6922-C41C-4777-94C1-4E87B08CED96}"
EndProject
Global
	GlobalSection(SolutionConfigurationPlatforms) = preSolution
		Debug|Any CPU = Debug|Any CPU
		Release|Any CPU = Release|Any CPU
	EndGlobalSection
	GlobalSection(ProjectConfigurationPlatforms) = postSolution
		{31389EE4-465B-486B-B431-62C2F9EC7007}.Debug|Any CPU.ActiveCfg = Debug|Any CPU
		{31389EE4-465B-486B-B431-62C2F9EC7007}.Debug|Any CPU.Build.0 = Debug|Any CPU
		{31389EE4-465B-486B-B431-62C2F9EC7007}.Release|Any CPU.ActiveCfg = Release|Any CPU
		{31389EE4-465B-486B-B431-62C2F9EC7007}.Release|Any CPU.Build.0 = Release|Any CPU
		{FE91D523-E569-4A1C-9CB2-135BA73B1366}.Debug|Any CPU.ActiveCfg = Debug|Any CPU
		{FE91D523-E569-4A1C-9CB2-135BA73B1366}.Debug|Any CPU.Build.0 = Debug|Any CPU
		{FE91D523-E569-4A1C-9CB2-135BA73B1366}.Release|Any CPU.ActiveCfg = Release|Any CPU
		{FE91D523-E569-4A1C-9CB2-135BA73B1366}.Release|Any CPU.Build.0 = Release|Any CPU
		{F852868D-042E-4DC7-BA96-2B126E30FF7B}.Debug|Any CPU.ActiveCfg = Debug|Any CPU
		{F852868D-042E-4DC7-BA96-2B126E30FF7B}.Debug|Any CPU.Build.0 = Debug|Any CPU
		{F852868D-042E-4DC7-BA96-2B126E30FF7B}.Release|Any CPU.ActiveCfg = Release|Any CPU
		{F852868D-042E-4DC7-BA96-2B126E30FF7B}.Release|Any CPU.Build.0 = Release|Any CPU
		{30BF6922-C41C-4777-94C1-4E87B08CED96}.Debug|Any CPU.ActiveCfg = Debug|Any CPU
		{30BF6922-C41C-4777-94C1-4E87B08CED96}.Debug|Any CPU.Build.0 = Debug|Any CPU
		{30BF6922-C41C-4777-94C1-4E87B08CED96}.Release|Any CPU.ActiveCfg = Release|Any CPU
		{30BF6922-C41C-4777-94C1-4E87B08CED96}.Release|Any CPU.Build.0 = Release|Any CPU
	EndGlobalSection
	GlobalSection(SolutionProperties) = preSolution
		HideSolutionNode = FALSE
	EndGlobalSection
	GlobalSection(ExtensibilityGlobals) = postSolution
		SolutionGuid = {FFA896EB-982E-49B1-A546-A3667CECBC12}
	EndGlobalSection
EndGlobal
